
Microsoft Visual Studio Solution File, Format Version 11.00
# Visual Studio 2010
# SharpDevelop 5.1
Project("{FAE04EC0-301F-11D3-BF4B-00C04F79EFBC}") = "Diki_Taufik_Gurohman_E32190192", "Diki_Taufik_Gurohman_E32190192\Diki_Taufik_Gurohman_E32190192.csproj", "{69925688-997D-43FC-B880-0FE5E11FC327}"
EndProject
Global
	GlobalSection(SolutionConfigurationPlatforms) = preSolution
		Debug|Any CPU = Debug|Any CPU
		Release|Any CPU = Release|Any CPU
	EndGlobalSection
	GlobalSection(ProjectConfigurationPlatforms) = postSolution
		{69925688-997D-43FC-B880-0FE5E11FC327}.Debug|Any CPU.ActiveCfg = Debug|Any CPU
		{69925688-997D-43FC-B880-0FE5E11FC327}.Debug|Any CPU.Build.0 = Debug|Any CPU
		{69925688-997D-43FC-B880-0FE5E11FC327}.Release|Any CPU.ActiveCfg = Release|Any CPU
		{69925688-997D-43FC-B880-0FE5E11FC327}.Release|Any CPU.Build.0 = Release|Any CPU
	EndGlobalSection
EndGlobal
